
Microsoft Visual Studio Solution File, Format Version 12.00
# Visual Studio Version 17
VisualStudioVersion = 17.13.35913.81
MinimumVisualStudioVersion = 10.0.40219.1
Project("{FAE04EC0-301F-11D3-BF4B-00C04F79EFBC}") = "progetto-cloud", "progetto-cloud.csproj", "{727F3575-93C6-4905-AF38-EBBCA16A46DF}"
EndProject
Project("{FAE04EC0-301F-11D3-BF4B-00C04F79EFBC}") = "progetto-cloud.Api", "..\progetto-cloud.Api\progetto-cloud.Api.csproj", "{F9FFDC1E-5CB2-40B8-959A-EE3176EFC5CA}"
EndProject
Global
	GlobalSection(SolutionConfigurationPlatforms) = preSolution
		Debug|Any CPU = Debug|Any CPU
		Release|Any CPU = Release|Any CPU
	EndGlobalSection
	GlobalSection(ProjectConfigurationPlatforms) = postSolution
		{727F3575-93C6-4905-AF38-EBBCA16A46DF}.Debug|Any CPU.ActiveCfg = Debug|Any CPU
		{727F3575-93C6-4905-AF38-EBBCA16A46DF}.Debug|Any CPU.Build.0 = Debug|Any CPU
		{727F3575-93C6-4905-AF38-EBBCA16A46DF}.Release|Any CPU.ActiveCfg = Release|Any CPU
		{727F3575-93C6-4905-AF38-EBBCA16A46DF}.Release|Any CPU.Build.0 = Release|Any CPU
		{F9FFDC1E-5CB2-40B8-959A-EE3176EFC5CA}.Debug|Any CPU.ActiveCfg = Debug|Any CPU
		{F9FFDC1E-5CB2-40B8-959A-EE3176EFC5CA}.Debug|Any CPU.Build.0 = Debug|Any CPU
		{F9FFDC1E-5CB2-40B8-959A-EE3176EFC5CA}.Release|Any CPU.ActiveCfg = Release|Any CPU
		{F9FFDC1E-5CB2-40B8-959A-EE3176EFC5CA}.Release|Any CPU.Build.0 = Release|Any CPU
	EndGlobalSection
	GlobalSection(SolutionProperties) = preSolution
		HideSolutionNode = FALSE
	EndGlobalSection
	GlobalSection(ExtensibilityGlobals) = postSolution
		SolutionGuid = {5EC5CC06-0BE1-475A-BD00-10435CDA73C0}
	EndGlobalSection
EndGlobal
